<?xml version="1.0" encoding="utf-8"?>
<Project ToolsVersion="4.0" xmlns="http://schemas.microsoft.com/developer/msbuild/2003">
  <ItemGroup>
    <Filter Include="Source Files">
      <UniqueIdentifier>{7C8A5AAD-FECF-48DA-97AA-FC0D4A7C0B04}</UniqueIdentifier>
      <Extensions>cpp;c;cc;cxx;def;odl;idl;hpj;bat;asm;asmx</Extensions>
    </Filter>
    <Filter Include="Header Files">
      <UniqueIdentifier>{6A91CB4D-AA8A-415E-84B1-5FFF7578D880}</UniqueIdentifier>
      <Extensions>h;hpp;hxx;hm;inl;inc;xsd</Extensions>
    </Filter>
  </ItemGroup>
  <ItemGroup>
    <ClCompile Include="plugin.cpp">
      <Filter>Source Files</Filter>
    </ClCompile>
    <ClCompile Include="RackAFXDLL.cpp">
      <Filter>Source Files</Filter>
    </ClCompile>
    <ClCompile Include="Filter.cpp">
      <Filter>Source Files</Filter>
    </ClCompile>
    <ClCompile Include="Oscillator.cpp">
      <Filter>Source Files</Filter>
    </ClCompile>
    <ClCompile Include="pluginobjects.cpp">
      <Filter>Source Files</Filter>
    </ClCompile>
    <ClCompile Include="MiniSynth.cpp">
      <Filter>Source Files</Filter>
    </ClCompile>
    <ClCompile Include=".\VAOnePoleFilter.cpp">
      <Filter>Source Files</Filter>
    </ClCompile>
    <ClCompile Include=".\MoogLadderFilter.cpp">
      <Filter>Source Files</Filter>
    </ClCompile>
    <ClCompile Include=".\MiniSynthVoice.cpp">
      <Filter>Source Files</Filter>
    </ClCompile>
    <ClCompile Include=".\LFO.cpp">
      <Filter>Source Files</Filter>
    </ClCompile>
    <ClCompile Include=".\EnvelopeGenerator.cpp">
      <Filter>Source Files</Filter>
    </ClCompile>
    <ClCompile Include=".\DiodeLadderFilter.cpp">
      <Filter>Source Files</Filter>
    </ClCompile>
    <ClCompile Include=".\DCA.cpp">
      <Filter>Source Files</Filter>
    </ClCompile>
    <ClCompile Include=".\AlgorithmicOscillator.cpp">
      <Filter>Source Files</Filter>
    </ClCompile>
    <ClCompile Include="Voice.cpp">
      <Filter>Source Files</Filter>
    </ClCompile>
    <ClCompile Include="DLLModule.cpp">
      <Filter>Source Files</Filter>
    </ClCompile>
    <ClCompile Include="RESpaceEcho.cpp">
      <Filter>Source Files</Filter>
    </ClCompile>
    <ClCompile Include="StereoDelay.cpp">
      <Filter>Source Files</Filter>
    </ClCompile>
  </ItemGroup>
  <ItemGroup>
    <ClInclude Include="plugin.h">
      <Filter>Header Files</Filter>
    </ClInclude>
    <ClInclude Include="pluginconstants.h">
      <Filter>Header Files</Filter>
    </ClInclude>
    <ClInclude Include="RackAFXDLL.h">
      <Filter>Header Files</Filter>
    </ClInclude>
    <ClInclude Include="Filter.h">
      <Filter>Header Files</Filter>
    </ClInclude>
    <ClInclude Include="Oscillator.h">
      <Filter>Header Files</Filter>
    </ClInclude>
    <ClInclude Include="MiniSynth.h">
      <Filter>Header Files</Filter>
    </ClInclude>
    <ClInclude Include=".\VAOnePoleFilter.h">
      <Filter>Header Files</Filter>
    </ClInclude>
    <ClInclude Include=".\synthfunctions.h">
      <Filter>Header Files</Filter>
    </ClInclude>
    <ClInclude Include=".\stdint.h">
      <Filter>Header Files</Filter>
    </ClInclude>
    <ClInclude Include=".\MoogLadderFilter.h">
      <Filter>Header Files</Filter>
    </ClInclude>
    <ClInclude Include=".\MiniSynthVoice.h">
      <Filter>Header Files</Filter>
    </ClInclude>
    <ClInclude Include=".\LFO.h">
      <Filter>Header Files</Filter>
    </ClInclude>
    <ClInclude Include=".\fastapprox.h">
      <Filter>Header Files</Filter>
    </ClInclude>
    <ClInclude Include=".\EnvelopeGenerator.h">
      <Filter>Header Files</Filter>
    </ClInclude>
    <ClInclude Include=".\DiodeLadderFilter.h">
      <Filter>Header Files</Filter>
    </ClInclude>
    <ClInclude Include=".\DCA.h">
      <Filter>Header Files</Filter>
    </ClInclude>
    <ClInclude Include=".\AlgorithmicOscillator.h">
      <Filter>Header Files</Filter>
    </ClInclude>
    <ClInclude Include="Voice.h">
      <Filter>Header Files</Filter>
    </ClInclude>
    <ClInclude Include="DLLModule.h">
      <Filter>Header Files</Filter>
    </ClInclude>
    <ClInclude Include="RESpaceEcho.h">
      <Filter>Header Files</Filter>
    </ClInclude>
    <ClInclude Include="StereoDelay.h">
      <Filter>Header Files</Filter>
    </ClInclude>
  </ItemGroup>
</Project>